
Microsoft Visual Studio Solution File, Format Version 12.00
# Visual Studio 15
VisualStudioVersion = 15.0.28307.136
MinimumVisualStudioVersion = 10.0.40219.1
Project("{FAE04EC0-301F-11D3-BF4B-00C04F79EFBC}") = "theDAM", "theDAM\theDAM.csproj", "{248F588D-090F-4697-97C3-31AA1145C5E4}"
EndProject
Global
	GlobalSection(SolutionConfigurationPlatforms) = preSolution
		Debug|Any CPU = Debug|Any CPU
		Release|Any CPU = Release|Any CPU
	EndGlobalSection
	GlobalSection(ProjectConfigurationPlatforms) = postSolution
		{248F588D-090F-4697-97C3-31AA1145C5E4}.Debug|Any CPU.ActiveCfg = Debug|Any CPU
		{248F588D-090F-4697-97C3-31AA1145C5E4}.Debug|Any CPU.Build.0 = Debug|Any CPU
		{248F588D-090F-4697-97C3-31AA1145C5E4}.Release|Any CPU.ActiveCfg = Release|Any CPU
		{248F588D-090F-4697-97C3-31AA1145C5E4}.Release|Any CPU.Build.0 = Release|Any CPU
	EndGlobalSection
	GlobalSection(SolutionProperties) = preSolution
		HideSolutionNode = FALSE
	EndGlobalSection
	GlobalSection(ExtensibilityGlobals) = postSolution
		SolutionGuid = {A0395ECA-D8D2-49F9-88AE-CDCDEC1A3498}
	EndGlobalSection
EndGlobal
